
Microsoft Visual Studio Solution File, Format Version 12.00
# Visual Studio Version 16
VisualStudioVersion = 16.0.33328.57
MinimumVisualStudioVersion = 10.0.40219.1
Project("{8BC9CEB8-8B4A-11D0-8D11-00A0C91BC942}") = "Algorithm_sort", "Algorithm_sort\Algorithm_sort.vcxproj", "{FA00081E-1A75-432F-8630-33CE7FAD6ACE}"
EndProject
Global
	GlobalSection(SolutionConfigurationPlatforms) = preSolution
		Debug|x64 = Debug|x64
		Debug|x86 = Debug|x86
		Release|x64 = Release|x64
		Release|x86 = Release|x86
	EndGlobalSection
	GlobalSection(ProjectConfigurationPlatforms) = postSolution
		{FA00081E-1A75-432F-8630-33CE7FAD6ACE}.Debug|x64.ActiveCfg = Debug|x64
		{FA00081E-1A75-432F-8630-33CE7FAD6ACE}.Debug|x64.Build.0 = Debug|x64
		{FA00081E-1A75-432F-8630-33CE7FAD6ACE}.Debug|x86.ActiveCfg = Debug|Win32
		{FA00081E-1A75-432F-8630-33CE7FAD6ACE}.Debug|x86.Build.0 = Debug|Win32
		{FA00081E-1A75-432F-8630-33CE7FAD6ACE}.Release|x64.ActiveCfg = Release|x64
		{FA00081E-1A75-432F-8630-33CE7FAD6ACE}.Release|x64.Build.0 = Release|x64
		{FA00081E-1A75-432F-8630-33CE7FAD6ACE}.Release|x86.ActiveCfg = Release|Win32
		{FA00081E-1A75-432F-8630-33CE7FAD6ACE}.Release|x86.Build.0 = Release|Win32
	EndGlobalSection
	GlobalSection(SolutionProperties) = preSolution
		HideSolutionNode = FALSE
	EndGlobalSection
	GlobalSection(ExtensibilityGlobals) = postSolution
		SolutionGuid = {A2B988AA-1868-4FF0-A2E5-05482F89A09D}
	EndGlobalSection
EndGlobal
